
Microsoft Visual Studio Solution File, Format Version 12.00
# Visual Studio 15
VisualStudioVersion = 15.0.28010.2019
MinimumVisualStudioVersion = 10.0.40219.1
Project("{FAE04EC0-301F-11D3-BF4B-00C04F79EFBC}") = "WindowsFormsApp1", "WindowsFormsApp1\WindowsFormsApp1.csproj", "{BEFB3A01-DB6D-4013-B267-3C389F9E8141}"
EndProject
Global
	GlobalSection(SolutionConfigurationPlatforms) = preSolution
		Debug|Any CPU = Debug|Any CPU
		Release|Any CPU = Release|Any CPU
	EndGlobalSection
	GlobalSection(ProjectConfigurationPlatforms) = postSolution
		{BEFB3A01-DB6D-4013-B267-3C389F9E8141}.Debug|Any CPU.ActiveCfg = Debug|Any CPU
		{BEFB3A01-DB6D-4013-B267-3C389F9E8141}.Debug|Any CPU.Build.0 = Debug|Any CPU
		{BEFB3A01-DB6D-4013-B267-3C389F9E8141}.Release|Any CPU.ActiveCfg = Release|Any CPU
		{BEFB3A01-DB6D-4013-B267-3C389F9E8141}.Release|Any CPU.Build.0 = Release|Any CPU
	EndGlobalSection
	GlobalSection(SolutionProperties) = preSolution
		HideSolutionNode = FALSE
	EndGlobalSection
	GlobalSection(ExtensibilityGlobals) = postSolution
		SolutionGuid = {BD3B5340-1703-4C84-A950-45BFC75AE822}
	EndGlobalSection
EndGlobal
